
Microsoft Visual Studio Solution File, Format Version 12.00
# Visual Studio Version 16
VisualStudioVersion = 16.0.31424.327
MinimumVisualStudioVersion = 10.0.40219.1
Project("{F184B08F-C81C-45F6-A57F-5ABD9991F28F}") = "ProyectoFinal.UI", "ProyectoFinal1\ProyectoFinal.UI.vbproj", "{7A035028-083B-4AF9-9829-BCFA25B0AD6E}"
EndProject
Project("{F184B08F-C81C-45F6-A57F-5ABD9991F28F}") = "Datos", "Datos\Datos.vbproj", "{5ECE8C1B-DB01-4253-A02F-AB48DD38AC39}"
EndProject
Project("{F184B08F-C81C-45F6-A57F-5ABD9991F28F}") = "Negocios", "Negocios\Negocios.vbproj", "{D061BA0E-2C87-4A26-89D3-884086D86087}"
EndProject
Project("{F184B08F-C81C-45F6-A57F-5ABD9991F28F}") = "Modelos", "Modelos\Modelos.vbproj", "{93E6A9D7-78E1-4066-9E31-4B57B81D1A7D}"
EndProject
Global
	GlobalSection(SolutionConfigurationPlatforms) = preSolution
		Debug|Any CPU = Debug|Any CPU
		Release|Any CPU = Release|Any CPU
	EndGlobalSection
	GlobalSection(ProjectConfigurationPlatforms) = postSolution
		{7A035028-083B-4AF9-9829-BCFA25B0AD6E}.Debug|Any CPU.ActiveCfg = Debug|Any CPU
		{7A035028-083B-4AF9-9829-BCFA25B0AD6E}.Debug|Any CPU.Build.0 = Debug|Any CPU
		{7A035028-083B-4AF9-9829-BCFA25B0AD6E}.Release|Any CPU.ActiveCfg = Release|Any CPU
		{7A035028-083B-4AF9-9829-BCFA25B0AD6E}.Release|Any CPU.Build.0 = Release|Any CPU
		{5ECE8C1B-DB01-4253-A02F-AB48DD38AC39}.Debug|Any CPU.ActiveCfg = Debug|Any CPU
		{5ECE8C1B-DB01-4253-A02F-AB48DD38AC39}.Debug|Any CPU.Build.0 = Debug|Any CPU
		{5ECE8C1B-DB01-4253-A02F-AB48DD38AC39}.Release|Any CPU.ActiveCfg = Release|Any CPU
		{5ECE8C1B-DB01-4253-A02F-AB48DD38AC39}.Release|Any CPU.Build.0 = Release|Any CPU
		{D061BA0E-2C87-4A26-89D3-884086D86087}.Debug|Any CPU.ActiveCfg = Debug|Any CPU
		{D061BA0E-2C87-4A26-89D3-884086D86087}.Debug|Any CPU.Build.0 = Debug|Any CPU
		{D061BA0E-2C87-4A26-89D3-884086D86087}.Release|Any CPU.ActiveCfg = Release|Any CPU
		{D061BA0E-2C87-4A26-89D3-884086D86087}.Release|Any CPU.Build.0 = Release|Any CPU
		{93E6A9D7-78E1-4066-9E31-4B57B81D1A7D}.Debug|Any CPU.ActiveCfg = Debug|Any CPU
		{93E6A9D7-78E1-4066-9E31-4B57B81D1A7D}.Debug|Any CPU.Build.0 = Debug|Any CPU
		{93E6A9D7-78E1-4066-9E31-4B57B81D1A7D}.Release|Any CPU.ActiveCfg = Release|Any CPU
		{93E6A9D7-78E1-4066-9E31-4B57B81D1A7D}.Release|Any CPU.Build.0 = Release|Any CPU
	EndGlobalSection
	GlobalSection(SolutionProperties) = preSolution
		HideSolutionNode = FALSE
	EndGlobalSection
	GlobalSection(ExtensibilityGlobals) = postSolution
		SolutionGuid = {A0A7AC71-CCEA-4D6B-905E-A0E214356429}
	EndGlobalSection
EndGlobal
